// !$*UTF8*$!
{
	archiveVersion = 1;
	classes = {
	};
	objectVersion = 77;
	objects = {

/* Begin PBXBuildFile section */
		387CAEC82E7C0C1200D83F37 /* WidgetKit.framework in Frameworks */ = {isa = PBXBuildFile; fileRef = 387CAEC72E7C0C1200D83F37 /* WidgetKit.framework */; };
		387CAECA2E7C0C1200D83F37 /* SwiftUI.framework in Frameworks */ = {isa = PBXBuildFile; fileRef = 387CAEC92E7C0C1200D83F37 /* SwiftUI.framework */; };
		387CAED92E7C0C1400D83F37 /* NourivoWidgetsExtension.appex in Embed Foundation Extensions */ = {isa = PBXBuildFile; fileRef = 387CAEC62E7C0C1200D83F37 /* NourivoWidgetsExtension.appex */; settings = {ATTRIBUTES = (RemoveHeadersOnCopy, ); }; };
		38F7F2FB2E8542C000F2EFFC /* OpenFoodFactsSDK in Frameworks */ = {isa = PBXBuildFile; productRef = 38F7F2FA2E8542C000F2EFFC /* OpenFoodFactsSDK */; };
/* End PBXBuildFile section */

/* Begin PBXContainerItemProxy section */
		3878DAC82E7AE4C1005F4FE3 /* PBXContainerItemProxy */ = {
			isa = PBXContainerItemProxy;
			containerPortal = 3878DAB12E7AE4BF005F4FE3 /* Project object */;
			proxyType = 1;
			remoteGlobalIDString = 3878DAB82E7AE4BF005F4FE3;
			remoteInfo = Nourivo;
		};
		3878DAD22E7AE4C1005F4FE3 /* PBXContainerItemProxy */ = {
			isa = PBXContainerItemProxy;
			containerPortal = 3878DAB12E7AE4BF005F4FE3 /* Project object */;
			proxyType = 1;
			remoteGlobalIDString = 3878DAB82E7AE4BF005F4FE3;
			remoteInfo = Nourivo;
		};
		387CAED72E7C0C1400D83F37 /* PBXContainerItemProxy */ = {
			isa = PBXContainerItemProxy;
			containerPortal = 3878DAB12E7AE4BF005F4FE3 /* Project object */;
			proxyType = 1;
			remoteGlobalIDString = 387CAEC52E7C0C1200D83F37;
			remoteInfo = NourivoWidgetsExtension;
		};
/* End PBXContainerItemProxy section */

/* Begin PBXCopyFilesBuildPhase section */
		387CAEDE2E7C0C1400D83F37 /* Embed Foundation Extensions */ = {
			isa = PBXCopyFilesBuildPhase;
			buildActionMask = 2147483647;
			dstPath = "";
			dstSubfolderSpec = 13;
			files = (
				387CAED92E7C0C1400D83F37 /* NourivoWidgetsExtension.appex in Embed Foundation Extensions */,
			);
			name = "Embed Foundation Extensions";
			runOnlyForDeploymentPostprocessing = 0;
		};
/* End PBXCopyFilesBuildPhase section */

/* Begin PBXFileReference section */
		3878DAB92E7AE4BF005F4FE3 /* Nourivo.app */ = {isa = PBXFileReference; explicitFileType = wrapper.application; includeInIndex = 0; path = Nourivo.app; sourceTree = BUILT_PRODUCTS_DIR; };
		3878DAC72E7AE4C1005F4FE3 /* NourivoTests.xctest */ = {isa = PBXFileReference; explicitFileType = wrapper.cfbundle; includeInIndex = 0; path = NourivoTests.xctest; sourceTree = BUILT_PRODUCTS_DIR; };
		3878DAD12E7AE4C1005F4FE3 /* NourivoUITests.xctest */ = {isa = PBXFileReference; explicitFileType = wrapper.cfbundle; includeInIndex = 0; path = NourivoUITests.xctest; sourceTree = BUILT_PRODUCTS_DIR; };
		387CAEC62E7C0C1200D83F37 /* NourivoWidgetsExtension.appex */ = {isa = PBXFileReference; explicitFileType = "wrapper.app-extension"; includeInIndex = 0; path = NourivoWidgetsExtension.appex; sourceTree = BUILT_PRODUCTS_DIR; };
		387CAEC72E7C0C1200D83F37 /* WidgetKit.framework */ = {isa = PBXFileReference; lastKnownFileType = wrapper.framework; name = WidgetKit.framework; path = System/Library/Frameworks/WidgetKit.framework; sourceTree = SDKROOT; };
		387CAEC92E7C0C1200D83F37 /* SwiftUI.framework */ = {isa = PBXFileReference; lastKnownFileType = wrapper.framework; name = SwiftUI.framework; path = System/Library/Frameworks/SwiftUI.framework; sourceTree = SDKROOT; };
		387CAEF12E7C189B00D83F37 /* NourivoWidgetsExtension.entitlements */ = {isa = PBXFileReference; lastKnownFileType = text.plist.entitlements; path = NourivoWidgetsExtension.entitlements; sourceTree = "<group>"; };
		387CAEF22E7C189B00D83F38 /* NourivoWidgetsInfo.plist */ = {isa = PBXFileReference; lastKnownFileType = text.plist.xml; path = NourivoWidgetsInfo.plist; sourceTree = "<group>"; };
/* End PBXFileReference section */

/* Begin PBXFileSystemSynchronizedBuildFileExceptionSet section */
		3878DB142E7AEAAC005F4FE3 /* Exceptions for "Nourivo" folder in "Nourivo" target */ = {
			isa = PBXFileSystemSynchronizedBuildFileExceptionSet;
			membershipExceptions = (
				ContentView.swift,
			);
			target = 3878DAB82E7AE4BF005F4FE3 /* Nourivo */;
		};
/* End PBXFileSystemSynchronizedBuildFileExceptionSet section */

/* Begin PBXFileSystemSynchronizedRootGroup section */
		3878DABB2E7AE4BF005F4FE3 /* Nourivo */ = {
			isa = PBXFileSystemSynchronizedRootGroup;
			exceptions = (
				3878DB142E7AEAAC005F4FE3 /* Exceptions for "Nourivo" folder in "Nourivo" target */,
			);
			path = Nourivo;
			sourceTree = "<group>";
		};
		3878DACA2E7AE4C1005F4FE3 /* NourivoTests */ = {
			isa = PBXFileSystemSynchronizedRootGroup;
			path = NourivoTests;
			sourceTree = "<group>";
		};
		3878DAD42E7AE4C1005F4FE3 /* NourivoUITests */ = {
			isa = PBXFileSystemSynchronizedRootGroup;
			path = NourivoUITests;
			sourceTree = "<group>";
		};
		387CAECB2E7C0C1200D83F37 /* NourivoWidgets */ = {
			isa = PBXFileSystemSynchronizedRootGroup;
			path = NourivoWidgets;
			sourceTree = "<group>";
		};
/* End PBXFileSystemSynchronizedRootGroup section */

/* Begin PBXFrameworksBuildPhase section */
		3878DAB62E7AE4BF005F4FE3 /* Frameworks */ = {
			isa = PBXFrameworksBuildPhase;
			buildActionMask = 2147483647;
			files = (
				38F7F2FB2E8542C000F2EFFC /* OpenFoodFactsSDK in Frameworks */,
			);
			runOnlyForDeploymentPostprocessing = 0;
		};
		3878DAC42E7AE4C1005F4FE3 /* Frameworks */ = {
			isa = PBXFrameworksBuildPhase;
			buildActionMask = 2147483647;
			files = (
			);
			runOnlyForDeploymentPostprocessing = 0;
		};
		3878DACE2E7AE4C1005F4FE3 /* Frameworks */ = {
			isa = PBXFrameworksBuildPhase;
			buildActionMask = 2147483647;
			files = (
			);
			runOnlyForDeploymentPostprocessing = 0;
		};
		387CAEC32E7C0C1200D83F37 /* Frameworks */ = {
			isa = PBXFrameworksBuildPhase;
			buildActionMask = 2147483647;
			files = (
				387CAECA2E7C0C1200D83F37 /* SwiftUI.framework in Frameworks */,
				387CAEC82E7C0C1200D83F37 /* WidgetKit.framework in Frameworks */,
			);
			runOnlyForDeploymentPostprocessing = 0;
		};
/* End PBXFrameworksBuildPhase section */

/* Begin PBXGroup section */
		3878DAB02E7AE4BF005F4FE3 = {
			isa = PBXGroup;
			children = (
				387CAEF12E7C189B00D83F37 /* NourivoWidgetsExtension.entitlements */,
				387CAEF22E7C189B00D83F38 /* NourivoWidgetsInfo.plist */,
				3878DABB2E7AE4BF005F4FE3 /* Nourivo */,
				3878DACA2E7AE4C1005F4FE3 /* NourivoTests */,
				3878DAD42E7AE4C1005F4FE3 /* NourivoUITests */,
				387CAECB2E7C0C1200D83F37 /* NourivoWidgets */,
				3878DB152E7AEAE2005F4FE3 /* Frameworks */,
				3878DABA2E7AE4BF005F4FE3 /* Products */,
			);
			sourceTree = "<group>";
		};
		3878DABA2E7AE4BF005F4FE3 /* Products */ = {
			isa = PBXGroup;
			children = (
				3878DAB92E7AE4BF005F4FE3 /* Nourivo.app */,
				3878DAC72E7AE4C1005F4FE3 /* NourivoTests.xctest */,
				3878DAD12E7AE4C1005F4FE3 /* NourivoUITests.xctest */,
				387CAEC62E7C0C1200D83F37 /* NourivoWidgetsExtension.appex */,
			);
			name = Products;
			sourceTree = "<group>";
		};
		3878DB152E7AEAE2005F4FE3 /* Frameworks */ = {
			isa = PBXGroup;
			children = (
				387CAEC72E7C0C1200D83F37 /* WidgetKit.framework */,
				387CAEC92E7C0C1200D83F37 /* SwiftUI.framework */,
			);
			name = Frameworks;
			sourceTree = "<group>";
		};
/* End PBXGroup section */

/* Begin PBXNativeTarget section */
		3878DAB82E7AE4BF005F4FE3 /* Nourivo */ = {
			isa = PBXNativeTarget;
			buildConfigurationList = 3878DADB2E7AE4C1005F4FE3 /* Build configuration list for PBXNativeTarget "Nourivo" */;
			buildPhases = (
				3878DAB52E7AE4BF005F4FE3 /* Sources */,
				3878DAB62E7AE4BF005F4FE3 /* Frameworks */,
				3878DAB72E7AE4BF005F4FE3 /* Resources */,
				387CAEDE2E7C0C1400D83F37 /* Embed Foundation Extensions */,
			);
			buildRules = (
			);
			dependencies = (
				387CAED82E7C0C1400D83F37 /* PBXTargetDependency */,
			);
			fileSystemSynchronizedGroups = (
				3878DABB2E7AE4BF005F4FE3 /* Nourivo */,
			);
			name = Nourivo;
			packageProductDependencies = (
				38F7F2FA2E8542C000F2EFFC /* OpenFoodFactsSDK */,
			);
			productName = Nourivo;
			productReference = 3878DAB92E7AE4BF005F4FE3 /* Nourivo.app */;
			productType = "com.apple.product-type.application";
		};
		3878DAC62E7AE4C1005F4FE3 /* NourivoTests */ = {
			isa = PBXNativeTarget;
			buildConfigurationList = 3878DADE2E7AE4C1005F4FE3 /* Build configuration list for PBXNativeTarget "NourivoTests" */;
			buildPhases = (
				3878DAC32E7AE4C1005F4FE3 /* Sources */,
				3878DAC42E7AE4C1005F4FE3 /* Frameworks */,
				3878DAC52E7AE4C1005F4FE3 /* Resources */,
			);
			buildRules = (
			);
			dependencies = (
				3878DAC92E7AE4C1005F4FE3 /* PBXTargetDependency */,
			);
			fileSystemSynchronizedGroups = (
				3878DACA2E7AE4C1005F4FE3 /* NourivoTests */,
			);
			name = NourivoTests;
			packageProductDependencies = (
			);
			productName = NourivoTests;
			productReference = 3878DAC72E7AE4C1005F4FE3 /* NourivoTests.xctest */;
			productType = "com.apple.product-type.bundle.unit-test";
		};
		3878DAD02E7AE4C1005F4FE3 /* NourivoUITests */ = {
			isa = PBXNativeTarget;
			buildConfigurationList = 3878DAE12E7AE4C1005F4FE3 /* Build configuration list for PBXNativeTarget "NourivoUITests" */;
			buildPhases = (
				3878DACD2E7AE4C1005F4FE3 /* Sources */,
				3878DACE2E7AE4C1005F4FE3 /* Frameworks */,
				3878DACF2E7AE4C1005F4FE3 /* Resources */,
			);
			buildRules = (
			);
			dependencies = (
				3878DAD32E7AE4C1005F4FE3 /* PBXTargetDependency */,
			);
			fileSystemSynchronizedGroups = (
				3878DAD42E7AE4C1005F4FE3 /* NourivoUITests */,
			);
			name = NourivoUITests;
			packageProductDependencies = (
			);
			productName = NourivoUITests;
			productReference = 3878DAD12E7AE4C1005F4FE3 /* NourivoUITests.xctest */;
			productType = "com.apple.product-type.bundle.ui-testing";
		};
		387CAEC52E7C0C1200D83F37 /* NourivoWidgetsExtension */ = {
			isa = PBXNativeTarget;
			buildConfigurationList = 387CAEDA2E7C0C1400D83F37 /* Build configuration list for PBXNativeTarget "NourivoWidgetsExtension" */;
			buildPhases = (
				387CAEC22E7C0C1200D83F37 /* Sources */,
				387CAEC32E7C0C1200D83F37 /* Frameworks */,
				387CAEC42E7C0C1200D83F37 /* Resources */,
			);
			buildRules = (
			);
			dependencies = (
			);
			fileSystemSynchronizedGroups = (
				387CAECB2E7C0C1200D83F37 /* NourivoWidgets */,
			);
			name = NourivoWidgetsExtension;
			packageProductDependencies = (
			);
			productName = NourivoWidgetsExtension;
			productReference = 387CAEC62E7C0C1200D83F37 /* NourivoWidgetsExtension.appex */;
			productType = "com.apple.product-type.app-extension";
		};
/* End PBXNativeTarget section */

/* Begin PBXProject section */
		3878DAB12E7AE4BF005F4FE3 /* Project object */ = {
			isa = PBXProject;
			attributes = {
				BuildIndependentTargetsInParallel = 1;
				LastSwiftUpdateCheck = 1640;
				LastUpgradeCheck = 1640;
				TargetAttributes = {
					3878DAB82E7AE4BF005F4FE3 = {
						CreatedOnToolsVersion = 16.4;
					};
					3878DAC62E7AE4C1005F4FE3 = {
						CreatedOnToolsVersion = 16.4;
						TestTargetID = 3878DAB82E7AE4BF005F4FE3;
					};
					3878DAD02E7AE4C1005F4FE3 = {
						CreatedOnToolsVersion = 16.4;
						TestTargetID = 3878DAB82E7AE4BF005F4FE3;
					};
					387CAEC52E7C0C1200D83F37 = {
						CreatedOnToolsVersion = 16.4;
					};
				};
			};
			buildConfigurationList = 3878DAB42E7AE4BF005F4FE3 /* Build configuration list for PBXProject "Nourivo" */;
			developmentRegion = en;
			hasScannedForEncodings = 0;
			knownRegions = (
				en,
				Base,
			);
			mainGroup = 3878DAB02E7AE4BF005F4FE3;
			minimizedProjectReferenceProxies = 1;
			packageReferences = (
				3878DB0F2E7AE9C5005F4FE3 /* XCRemoteSwiftPackageReference "openfoodfacts-swift" */,
			);
			preferredProjectObjectVersion = 77;
			productRefGroup = 3878DABA2E7AE4BF005F4FE3 /* Products */;
			projectDirPath = "";
			projectRoot = "";
			targets = (
				3878DAB82E7AE4BF005F4FE3 /* Nourivo */,
				3878DAC62E7AE4C1005F4FE3 /* NourivoTests */,
				3878DAD02E7AE4C1005F4FE3 /* NourivoUITests */,
				387CAEC52E7C0C1200D83F37 /* NourivoWidgetsExtension */,
			);
		};
/* End PBXProject section */

/* Begin PBXResourcesBuildPhase section */
		3878DAB72E7AE4BF005F4FE3 /* Resources */ = {
			isa = PBXResourcesBuildPhase;
			buildActionMask = 2147483647;
			files = (
			);
			runOnlyForDeploymentPostprocessing = 0;
		};
		3878DAC52E7AE4C1005F4FE3 /* Resources */ = {
			isa = PBXResourcesBuildPhase;
			buildActionMask = 2147483647;
			files = (
			);
			runOnlyForDeploymentPostprocessing = 0;
		};
		3878DACF2E7AE4C1005F4FE3 /* Resources */ = {
			isa = PBXResourcesBuildPhase;
			buildActionMask = 2147483647;
			files = (
			);
			runOnlyForDeploymentPostprocessing = 0;
		};
		387CAEC42E7C0C1200D83F37 /* Resources */ = {
			isa = PBXResourcesBuildPhase;
			buildActionMask = 2147483647;
			files = (
			);
			runOnlyForDeploymentPostprocessing = 0;
		};
/* End PBXResourcesBuildPhase section */

/* Begin PBXSourcesBuildPhase section */
		3878DAB52E7AE4BF005F4FE3 /* Sources */ = {
			isa = PBXSourcesBuildPhase;
			buildActionMask = 2147483647;
			files = (
			);
			runOnlyForDeploymentPostprocessing = 0;
		};
		3878DAC32E7AE4C1005F4FE3 /* Sources */ = {
			isa = PBXSourcesBuildPhase;
			buildActionMask = 2147483647;
			files = (
			);
			runOnlyForDeploymentPostprocessing = 0;
		};
		3878DACD2E7AE4C1005F4FE3 /* Sources */ = {
			isa = PBXSourcesBuildPhase;
			buildActionMask = 2147483647;
			files = (
			);
			runOnlyForDeploymentPostprocessing = 0;
		};
		387CAEC22E7C0C1200D83F37 /* Sources */ = {
			isa = PBXSourcesBuildPhase;
			buildActionMask = 2147483647;
			files = (
			);
			runOnlyForDeploymentPostprocessing = 0;
		};
/* End PBXSourcesBuildPhase section */

/* Begin PBXTargetDependency section */
		3878DAC92E7AE4C1005F4FE3 /* PBXTargetDependency */ = {
			isa = PBXTargetDependency;
			target = 3878DAB82E7AE4BF005F4FE3 /* Nourivo */;
			targetProxy = 3878DAC82E7AE4C1005F4FE3 /* PBXContainerItemProxy */;
		};
		3878DAD32E7AE4C1005F4FE3 /* PBXTargetDependency */ = {
			isa = PBXTargetDependency;
			target = 3878DAB82E7AE4BF005F4FE3 /* Nourivo */;
			targetProxy = 3878DAD22E7AE4C1005F4FE3 /* PBXContainerItemProxy */;
		};
		387CAED82E7C0C1400D83F37 /* PBXTargetDependency */ = {
			isa = PBXTargetDependency;
			target = 387CAEC52E7C0C1200D83F37 /* NourivoWidgetsExtension */;
			targetProxy = 387CAED72E7C0C1400D83F37 /* PBXContainerItemProxy */;
		};
/* End PBXTargetDependency section */

/* Begin XCBuildConfiguration section */
		3878DAD92E7AE4C1005F4FE3 /* Debug */ = {
			isa = XCBuildConfiguration;
			buildSettings = {
				ALWAYS_SEARCH_USER_PATHS = NO;
				ASSETCATALOG_COMPILER_GENERATE_SWIFT_ASSET_SYMBOL_EXTENSIONS = YES;
				CLANG_ANALYZER_NONNULL = YES;
				CLANG_ANALYZER_NUMBER_OBJECT_CONVERSION = YES_AGGRESSIVE;
				CLANG_CXX_LANGUAGE_STANDARD = "gnu++20";
				CLANG_ENABLE_MODULES = YES;
				CLANG_ENABLE_OBJC_ARC = YES;
				CLANG_ENABLE_OBJC_WEAK = YES;
				CLANG_WARN_BLOCK_CAPTURE_AUTORELEASING = YES;
				CLANG_WARN_BOOL_CONVERSION = YES;
				CLANG_WARN_COMMA = YES;
				CLANG_WARN_CONSTANT_CONVERSION = YES;
				CLANG_WARN_DEPRECATED_OBJC_IMPLEMENTATIONS = YES;
				CLANG_WARN_DIRECT_OBJC_ISA_USAGE = YES_ERROR;
				CLANG_WARN_DOCUMENTATION_COMMENTS = YES;
				CLANG_WARN_EMPTY_BODY = YES;
				CLANG_WARN_ENUM_CONVERSION = YES;
				CLANG_WARN_INFINITE_RECURSION = YES;
				CLANG_WARN_INT_CONVERSION = YES;
				CLANG_WARN_NON_LITERAL_NULL_CONVERSION = YES;
				CLANG_WARN_OBJC_IMPLICIT_RETAIN_SELF = YES;
				CLANG_WARN_OBJC_LITERAL_CONVERSION = YES;
				CLANG_WARN_OBJC_ROOT_CLASS = YES_ERROR;
				CLANG_WARN_QUOTED_INCLUDE_IN_FRAMEWORK_HEADER = YES;
				CLANG_WARN_RANGE_LOOP_ANALYSIS = YES;
				CLANG_WARN_STRICT_PROTOTYPES = YES;
				CLANG_WARN_SUSPICIOUS_MOVE = YES;
				CLANG_WARN_UNGUARDED_AVAILABILITY = YES_AGGRESSIVE;
				CLANG_WARN_UNREACHABLE_CODE = YES;
				CLANG_WARN__DUPLICATE_METHOD_MATCH = YES;
				COPY_PHASE_STRIP = NO;
				DEBUG_INFORMATION_FORMAT = dwarf;
				DEVELOPMENT_TEAM = P4A5UGDGM4;
				ENABLE_STRICT_OBJC_MSGSEND = YES;
				ENABLE_TESTABILITY = YES;
				ENABLE_USER_SCRIPT_SANDBOXING = YES;
				GCC_C_LANGUAGE_STANDARD = gnu17;
				GCC_DYNAMIC_NO_PIC = NO;
				GCC_NO_COMMON_BLOCKS = YES;
				GCC_OPTIMIZATION_LEVEL = 0;
				GCC_PREPROCESSOR_DEFINITIONS = (
					"DEBUG=1",
					"$(inherited)",
				);
				GCC_WARN_64_TO_32_BIT_CONVERSION = YES;
				GCC_WARN_ABOUT_RETURN_TYPE = YES_ERROR;
				GCC_WARN_UNDECLARED_SELECTOR = YES;
				GCC_WARN_UNINITIALIZED_AUTOS = YES_AGGRESSIVE;
				GCC_WARN_UNUSED_FUNCTION = YES;
				GCC_WARN_UNUSED_VARIABLE = YES;
				LOCALIZATION_PREFERS_STRING_CATALOGS = YES;
				MTL_ENABLE_DEBUG_INFO = INCLUDE_SOURCE;
				MTL_FAST_MATH = YES;
				ONLY_ACTIVE_ARCH = YES;
				SWIFT_ACTIVE_COMPILATION_CONDITIONS = "DEBUG $(inherited)";
				SWIFT_OPTIMIZATION_LEVEL = "-Onone";
			};
			name = Debug;
		};
		3878DADA2E7AE4C1005F4FE3 /* Release */ = {
			isa = XCBuildConfiguration;
			buildSettings = {
				ALWAYS_SEARCH_USER_PATHS = NO;
				ASSETCATALOG_COMPILER_GENERATE_SWIFT_ASSET_SYMBOL_EXTENSIONS = YES;
				CLANG_ANALYZER_NONNULL = YES;
				CLANG_ANALYZER_NUMBER_OBJECT_CONVERSION = YES_AGGRESSIVE;
				CLANG_CXX_LANGUAGE_STANDARD = "gnu++20";
				CLANG_ENABLE_MODULES = YES;
				CLANG_ENABLE_OBJC_ARC = YES;
				CLANG_ENABLE_OBJC_WEAK = YES;
				CLANG_WARN_BLOCK_CAPTURE_AUTORELEASING = YES;
				CLANG_WARN_BOOL_CONVERSION = YES;
				CLANG_WARN_COMMA = YES;
				CLANG_WARN_CONSTANT_CONVERSION = YES;
				CLANG_WARN_DEPRECATED_OBJC_IMPLEMENTATIONS = YES;
				CLANG_WARN_DIRECT_OBJC_ISA_USAGE = YES_ERROR;
				CLANG_WARN_DOCUMENTATION_COMMENTS = YES;
				CLANG_WARN_EMPTY_BODY = YES;
				CLANG_WARN_ENUM_CONVERSION = YES;
				CLANG_WARN_INFINITE_RECURSION = YES;
				CLANG_WARN_INT_CONVERSION = YES;
				CLANG_WARN_NON_LITERAL_NULL_CONVERSION = YES;
				CLANG_WARN_OBJC_IMPLICIT_RETAIN_SELF = YES;
				CLANG_WARN_OBJC_LITERAL_CONVERSION = YES;
				CLANG_WARN_OBJC_ROOT_CLASS = YES_ERROR;
				CLANG_WARN_QUOTED_INCLUDE_IN_FRAMEWORK_HEADER = YES;
				CLANG_WARN_RANGE_LOOP_ANALYSIS = YES;
				CLANG_WARN_STRICT_PROTOTYPES = YES;
				CLANG_WARN_SUSPICIOUS_MOVE = YES;
				CLANG_WARN_UNGUARDED_AVAILABILITY = YES_AGGRESSIVE;
				CLANG_WARN_UNREACHABLE_CODE = YES;
				CLANG_WARN__DUPLICATE_METHOD_MATCH = YES;
				COPY_PHASE_STRIP = NO;
				DEBUG_INFORMATION_FORMAT = "dwarf-with-dsym";
				DEVELOPMENT_TEAM = P4A5UGDGM4;
				ENABLE_NS_ASSERTIONS = NO;
				ENABLE_STRICT_OBJC_MSGSEND = YES;
				ENABLE_USER_SCRIPT_SANDBOXING = YES;
				GCC_C_LANGUAGE_STANDARD = gnu17;
				GCC_NO_COMMON_BLOCKS = YES;
				GCC_WARN_64_TO_32_BIT_CONVERSION = YES;
				GCC_WARN_ABOUT_RETURN_TYPE = YES_ERROR;
				GCC_WARN_UNDECLARED_SELECTOR = YES;
				GCC_WARN_UNINITIALIZED_AUTOS = YES_AGGRESSIVE;
				GCC_WARN_UNUSED_FUNCTION = YES;
				GCC_WARN_UNUSED_VARIABLE = YES;
				LOCALIZATION_PREFERS_STRING_CATALOGS = YES;
				MTL_ENABLE_DEBUG_INFO = NO;
				MTL_FAST_MATH = YES;
				SWIFT_COMPILATION_MODE = wholemodule;
			};
			name = Release;
		};
		3878DADC2E7AE4C1005F4FE3 /* Debug */ = {
			isa = XCBuildConfiguration;
			buildSettings = {
				ASSETCATALOG_COMPILER_APPICON_NAME = AppIcon;
				ASSETCATALOG_COMPILER_GLOBAL_ACCENT_COLOR_NAME = AccentColor;
				ASSETCATALOG_COMPILER_INCLUDE_ALL_APPICON_ASSETS = NO;
				CODE_SIGN_ENTITLEMENTS = Nourivo/Nourivo.entitlements;
				CODE_SIGN_STYLE = Automatic;
				CURRENT_PROJECT_VERSION = 1;
				DEVELOPMENT_TEAM = P4A5UGDGM4;
				ENABLE_HARDENED_RUNTIME = YES;
				ENABLE_PREVIEWS = YES;
				GENERATE_INFOPLIST_FILE = YES;
				INFOPLIST_KEY_CFBundleDisplayName = Nourivo;
				INFOPLIST_KEY_LSApplicationCategoryType = "public.app-category.food-and-drink";
				INFOPLIST_KEY_NSCameraUsageDescription = "Nourivo needs camera access to scan barcodes and recipe photos.";
				INFOPLIST_KEY_NSHealthShareUsageDescription = "Nourivo needs access to your health data to sync your weight and activity, which helps in personalizing your nutritional goals.";
				INFOPLIST_KEY_NSPhotoLibraryUsageDescription = "Nourivo needs photo access to import recipe images for text recognition.";
				"INFOPLIST_KEY_UIApplicationSceneManifest_Generation[sdk=iphoneos*]" = YES;
				"INFOPLIST_KEY_UIApplicationSceneManifest_Generation[sdk=iphonesimulator*]" = YES;
				"INFOPLIST_KEY_UIApplicationSupportsIndirectInputEvents[sdk=iphoneos*]" = YES;
				"INFOPLIST_KEY_UIApplicationSupportsIndirectInputEvents[sdk=iphonesimulator*]" = YES;
				"INFOPLIST_KEY_UILaunchScreen_Generation[sdk=iphoneos*]" = YES;
				"INFOPLIST_KEY_UILaunchScreen_Generation[sdk=iphonesimulator*]" = YES;
				"INFOPLIST_KEY_UIStatusBarStyle[sdk=iphoneos*]" = UIStatusBarStyleDefault;
				"INFOPLIST_KEY_UIStatusBarStyle[sdk=iphonesimulator*]" = UIStatusBarStyleDefault;
				INFOPLIST_KEY_UISupportedInterfaceOrientations_iPad = "UIInterfaceOrientationPortrait UIInterfaceOrientationPortraitUpsideDown UIInterfaceOrientationLandscapeLeft UIInterfaceOrientationLandscapeRight";
				INFOPLIST_KEY_UISupportedInterfaceOrientations_iPhone = "UIInterfaceOrientationPortrait UIInterfaceOrientationLandscapeLeft UIInterfaceOrientationLandscapeRight";
				IPHONEOS_DEPLOYMENT_TARGET = 18.5;
				LD_RUNPATH_SEARCH_PATHS = "@executable_path/Frameworks";
				"LD_RUNPATH_SEARCH_PATHS[sdk=macosx*]" = "@executable_path/../Frameworks";
				MACOSX_DEPLOYMENT_TARGET = 15.5;
				MARKETING_VERSION = 1.0;
				PRODUCT_BUNDLE_IDENTIFIER = k3ntaw.Nourivo;
				PRODUCT_NAME = "$(TARGET_NAME)";
				REGISTER_APP_GROUPS = YES;
				SDKROOT = auto;
				SUPPORTED_PLATFORMS = "iphoneos iphonesimulator";
				SUPPORTS_MACCATALYST = NO;
				SWIFT_EMIT_LOC_STRINGS = YES;
				SWIFT_VERSION = 5.0;
				TARGETED_DEVICE_FAMILY = "1,2";
				XROS_DEPLOYMENT_TARGET = 2.5;
			};
			name = Debug;
		};
		3878DADD2E7AE4C1005F4FE3 /* Release */ = {
			isa = XCBuildConfiguration;
			buildSettings = {
				ASSETCATALOG_COMPILER_APPICON_NAME = AppIcon;
				ASSETCATALOG_COMPILER_GLOBAL_ACCENT_COLOR_NAME = AccentColor;
				ASSETCATALOG_COMPILER_INCLUDE_ALL_APPICON_ASSETS = NO;
				CODE_SIGN_ENTITLEMENTS = Nourivo/Nourivo.entitlements;
				CODE_SIGN_STYLE = Automatic;
				CURRENT_PROJECT_VERSION = 1;
				DEVELOPMENT_TEAM = P4A5UGDGM4;
				ENABLE_HARDENED_RUNTIME = YES;
				ENABLE_PREVIEWS = YES;
				GENERATE_INFOPLIST_FILE = YES;
				INFOPLIST_KEY_CFBundleDisplayName = Nourivo;
				INFOPLIST_KEY_LSApplicationCategoryType = "public.app-category.food-and-drink";
				INFOPLIST_KEY_NSCameraUsageDescription = "Nourivo needs camera access to scan barcodes and recipe photos.";
				INFOPLIST_KEY_NSHealthShareUsageDescription = "Nourivo needs access to your health data to sync your weight and activity, which helps in personalizing your nutritional goals.";
				INFOPLIST_KEY_NSPhotoLibraryUsageDescription = "Nourivo needs photo access to import recipe images for text recognition.";
				"INFOPLIST_KEY_UIApplicationSceneManifest_Generation[sdk=iphoneos*]" = YES;
				"INFOPLIST_KEY_UIApplicationSceneManifest_Generation[sdk=iphonesimulator*]" = YES;
				"INFOPLIST_KEY_UIApplicationSupportsIndirectInputEvents[sdk=iphoneos*]" = YES;
				"INFOPLIST_KEY_UIApplicationSupportsIndirectInputEvents[sdk=iphonesimulator*]" = YES;
				"INFOPLIST_KEY_UILaunchScreen_Generation[sdk=iphoneos*]" = YES;
				"INFOPLIST_KEY_UILaunchScreen_Generation[sdk=iphonesimulator*]" = YES;
				"INFOPLIST_KEY_UIStatusBarStyle[sdk=iphoneos*]" = UIStatusBarStyleDefault;
				"INFOPLIST_KEY_UIStatusBarStyle[sdk=iphonesimulator*]" = UIStatusBarStyleDefault;
				INFOPLIST_KEY_UISupportedInterfaceOrientations_iPad = "UIInterfaceOrientationPortrait UIInterfaceOrientationPortraitUpsideDown UIInterfaceOrientationLandscapeLeft UIInterfaceOrientationLandscapeRight";
				INFOPLIST_KEY_UISupportedInterfaceOrientations_iPhone = "UIInterfaceOrientationPortrait UIInterfaceOrientationLandscapeLeft UIInterfaceOrientationLandscapeRight";
				IPHONEOS_DEPLOYMENT_TARGET = 18.5;
				LD_RUNPATH_SEARCH_PATHS = "@executable_path/Frameworks";
				"LD_RUNPATH_SEARCH_PATHS[sdk=macosx*]" = "@executable_path/../Frameworks";
				MACOSX_DEPLOYMENT_TARGET = 15.5;
				MARKETING_VERSION = 1.0;
				PRODUCT_BUNDLE_IDENTIFIER = k3ntaw.Nourivo;
				PRODUCT_NAME = "$(TARGET_NAME)";
				REGISTER_APP_GROUPS = YES;
				SDKROOT = auto;
				SUPPORTED_PLATFORMS = "iphoneos iphonesimulator";
				SUPPORTS_MACCATALYST = NO;
				SWIFT_EMIT_LOC_STRINGS = YES;
				SWIFT_VERSION = 5.0;
				TARGETED_DEVICE_FAMILY = "1,2";
				XROS_DEPLOYMENT_TARGET = 2.5;
			};
			name = Release;
		};
		3878DADF2E7AE4C1005F4FE3 /* Debug */ = {
			isa = XCBuildConfiguration;
			buildSettings = {
				BUNDLE_LOADER = "$(TEST_HOST)";
				CODE_SIGN_STYLE = Automatic;
				CURRENT_PROJECT_VERSION = 1;
				DEVELOPMENT_TEAM = P4A5UGDGM4;
				GENERATE_INFOPLIST_FILE = YES;
				IPHONEOS_DEPLOYMENT_TARGET = 18.5;
				MACOSX_DEPLOYMENT_TARGET = 15.5;
				MARKETING_VERSION = 1.0;
				PRODUCT_BUNDLE_IDENTIFIER = k3ntaw.NourivoTests;
				PRODUCT_NAME = "$(TARGET_NAME)";
				SDKROOT = auto;
				SUPPORTED_PLATFORMS = "iphoneos iphonesimulator macosx xros xrsimulator";
				SWIFT_EMIT_LOC_STRINGS = NO;
				SWIFT_VERSION = 5.0;
				TARGETED_DEVICE_FAMILY = "1,2,7";
				TEST_HOST = "$(BUILT_PRODUCTS_DIR)/Nourivo.app/$(BUNDLE_EXECUTABLE_FOLDER_PATH)/Nourivo";
				XROS_DEPLOYMENT_TARGET = 2.5;
			};
			name = Debug;
		};
		3878DAE02E7AE4C1005F4FE3 /* Release */ = {
			isa = XCBuildConfiguration;
			buildSettings = {
				BUNDLE_LOADER = "$(TEST_HOST)";
				CODE_SIGN_STYLE = Automatic;
				CURRENT_PROJECT_VERSION = 1;
				DEVELOPMENT_TEAM = P4A5UGDGM4;
				GENERATE_INFOPLIST_FILE = YES;
				IPHONEOS_DEPLOYMENT_TARGET = 18.5;
				MACOSX_DEPLOYMENT_TARGET = 15.5;
				MARKETING_VERSION = 1.0;
				PRODUCT_BUNDLE_IDENTIFIER = k3ntaw.NourivoTests;
				PRODUCT_NAME = "$(TARGET_NAME)";
				SDKROOT = auto;
				SUPPORTED_PLATFORMS = "iphoneos iphonesimulator macosx xros xrsimulator";
				SWIFT_EMIT_LOC_STRINGS = NO;
				SWIFT_VERSION = 5.0;
				TARGETED_DEVICE_FAMILY = "1,2,7";
				TEST_HOST = "$(BUILT_PRODUCTS_DIR)/Nourivo.app/$(BUNDLE_EXECUTABLE_FOLDER_PATH)/Nourivo";
				XROS_DEPLOYMENT_TARGET = 2.5;
			};
			name = Release;
		};
		3878DAE22E7AE4C1005F4FE3 /* Debug */ = {
			isa = XCBuildConfiguration;
			buildSettings = {
				CODE_SIGN_STYLE = Automatic;
				CURRENT_PROJECT_VERSION = 1;
				DEVELOPMENT_TEAM = P4A5UGDGM4;
				GENERATE_INFOPLIST_FILE = YES;
				IPHONEOS_DEPLOYMENT_TARGET = 18.5;
				MACOSX_DEPLOYMENT_TARGET = 15.5;
				MARKETING_VERSION = 1.0;
				PRODUCT_BUNDLE_IDENTIFIER = k3ntaw.NourivoUITests;
				PRODUCT_NAME = "$(TARGET_NAME)";
				SDKROOT = auto;
				SUPPORTED_PLATFORMS = "iphoneos iphonesimulator macosx xros xrsimulator";
				SWIFT_EMIT_LOC_STRINGS = NO;
				SWIFT_VERSION = 5.0;
				TARGETED_DEVICE_FAMILY = "1,2,7";
				TEST_TARGET_NAME = Nourivo;
				XROS_DEPLOYMENT_TARGET = 2.5;
			};
			name = Debug;
		};
		3878DAE32E7AE4C1005F4FE3 /* Release */ = {
			isa = XCBuildConfiguration;
			buildSettings = {
				CODE_SIGN_STYLE = Automatic;
				CURRENT_PROJECT_VERSION = 1;
				DEVELOPMENT_TEAM = P4A5UGDGM4;
				GENERATE_INFOPLIST_FILE = YES;
				IPHONEOS_DEPLOYMENT_TARGET = 18.5;
				MACOSX_DEPLOYMENT_TARGET = 15.5;
				MARKETING_VERSION = 1.0;
				PRODUCT_BUNDLE_IDENTIFIER = k3ntaw.NourivoUITests;
				PRODUCT_NAME = "$(TARGET_NAME)";
				SDKROOT = auto;
				SUPPORTED_PLATFORMS = "iphoneos iphonesimulator macosx xros xrsimulator";
				SWIFT_EMIT_LOC_STRINGS = NO;
				SWIFT_VERSION = 5.0;
				TARGETED_DEVICE_FAMILY = "1,2,7";
				TEST_TARGET_NAME = Nourivo;
				XROS_DEPLOYMENT_TARGET = 2.5;
			};
			name = Release;
		};
		387CAEDB2E7C0C1400D83F37 /* Debug */ = {
			isa = XCBuildConfiguration;
			buildSettings = {
				ASSETCATALOG_COMPILER_GLOBAL_ACCENT_COLOR_NAME = AccentColor;
				ASSETCATALOG_COMPILER_WIDGET_BACKGROUND_COLOR_NAME = WidgetBackground;
				CODE_SIGN_ENTITLEMENTS = NourivoWidgetsExtension.entitlements;
				CODE_SIGN_STYLE = Automatic;
				CURRENT_PROJECT_VERSION = 1;
				DEVELOPMENT_TEAM = P4A5UGDGM4;
				GENERATE_INFOPLIST_FILE = YES;
				INFOPLIST_FILE = NourivoWidgetsInfo.plist;
				INFOPLIST_KEY_CFBundleDisplayName = NourivoWidgets;
				INFOPLIST_KEY_NSHumanReadableCopyright = "";
				IPHONEOS_DEPLOYMENT_TARGET = 18.5;
				LD_RUNPATH_SEARCH_PATHS = (
					"$(inherited)",
					"@executable_path/Frameworks",
					"@executable_path/../../Frameworks",
				);
				MARKETING_VERSION = 1.0;
				PRODUCT_BUNDLE_IDENTIFIER = k3ntaw.Nourivo.NourivoWidgets;
				PRODUCT_NAME = "$(TARGET_NAME)";
				SDKROOT = iphoneos;
				SKIP_INSTALL = YES;
				SWIFT_EMIT_LOC_STRINGS = YES;
				SWIFT_VERSION = 5.0;
				TARGETED_DEVICE_FAMILY = "1,2";
				VALIDATE_PRODUCT = YES;
			};
			name = Debug;
		};
		387CAEDC2E7C0C1400D83F37 /* Release */ = {
			isa = XCBuildConfiguration;
			buildSettings = {
				ASSETCATALOG_COMPILER_GLOBAL_ACCENT_COLOR_NAME = AccentColor;
				ASSETCATALOG_COMPILER_WIDGET_BACKGROUND_COLOR_NAME = WidgetBackground;
				CODE_SIGN_ENTITLEMENTS = NourivoWidgetsExtension.entitlements;
				CODE_SIGN_STYLE = Automatic;
				CURRENT_PROJECT_VERSION = 1;
				DEVELOPMENT_TEAM = P4A5UGDGM4;
				GENERATE_INFOPLIST_FILE = YES;
				INFOPLIST_FILE = NourivoWidgetsInfo.plist;
				INFOPLIST_KEY_CFBundleDisplayName = NourivoWidgets;
				INFOPLIST_KEY_NSHumanReadableCopyright = "";
				IPHONEOS_DEPLOYMENT_TARGET = 18.5;
				LD_RUNPATH_SEARCH_PATHS = (
					"$(inherited)",
					"@executable_path/Frameworks",
					"@executable_path/../../Frameworks",
				);
				MARKETING_VERSION = 1.0;
				PRODUCT_BUNDLE_IDENTIFIER = k3ntaw.Nourivo.NourivoWidgets;
				PRODUCT_NAME = "$(TARGET_NAME)";
				SDKROOT = iphoneos;
				SKIP_INSTALL = YES;
				SWIFT_EMIT_LOC_STRINGS = YES;
				SWIFT_VERSION = 5.0;
				TARGETED_DEVICE_FAMILY = "1,2";
				VALIDATE_PRODUCT = YES;
			};
			name = Release;
		};
/* End XCBuildConfiguration section */

/* Begin XCConfigurationList section */
		3878DAB42E7AE4BF005F4FE3 /* Build configuration list for PBXProject "Nourivo" */ = {
			isa = XCConfigurationList;
			buildConfigurations = (
				3878DAD92E7AE4C1005F4FE3 /* Debug */,
				3878DADA2E7AE4C1005F4FE3 /* Release */,
			);
			defaultConfigurationIsVisible = 0;
			defaultConfigurationName = Release;
		};
		3878DADB2E7AE4C1005F4FE3 /* Build configuration list for PBXNativeTarget "Nourivo" */ = {
			isa = XCConfigurationList;
			buildConfigurations = (
				3878DADC2E7AE4C1005F4FE3 /* Debug */,
				3878DADD2E7AE4C1005F4FE3 /* Release */,
			);
			defaultConfigurationIsVisible = 0;
			defaultConfigurationName = Release;
		};
		3878DADE2E7AE4C1005F4FE3 /* Build configuration list for PBXNativeTarget "NourivoTests" */ = {
			isa = XCConfigurationList;
			buildConfigurations = (
				3878DADF2E7AE4C1005F4FE3 /* Debug */,
				3878DAE02E7AE4C1005F4FE3 /* Release */,
			);
			defaultConfigurationIsVisible = 0;
			defaultConfigurationName = Release;
		};
		3878DAE12E7AE4C1005F4FE3 /* Build configuration list for PBXNativeTarget "NourivoUITests" */ = {
			isa = XCConfigurationList;
			buildConfigurations = (
				3878DAE22E7AE4C1005F4FE3 /* Debug */,
				3878DAE32E7AE4C1005F4FE3 /* Release */,
			);
			defaultConfigurationIsVisible = 0;
			defaultConfigurationName = Release;
		};
		387CAEDA2E7C0C1400D83F37 /* Build configuration list for PBXNativeTarget "NourivoWidgetsExtension" */ = {
			isa = XCConfigurationList;
			buildConfigurations = (
				387CAEDB2E7C0C1400D83F37 /* Debug */,
				387CAEDC2E7C0C1400D83F37 /* Release */,
			);
			defaultConfigurationIsVisible = 0;
			defaultConfigurationName = Release;
		};
/* End XCConfigurationList section */

/* Begin XCRemoteSwiftPackageReference section */
		3878DB0F2E7AE9C5005F4FE3 /* XCRemoteSwiftPackageReference "openfoodfacts-swift" */ = {
			isa = XCRemoteSwiftPackageReference;
			repositoryURL = "https://github.com/openfoodfacts/openfoodfacts-swift";
			requirement = {
				branch = main;
				kind = branch;
			};
		};
/* End XCRemoteSwiftPackageReference section */

/* Begin XCSwiftPackageProductDependency section */
		38F7F2FA2E8542C000F2EFFC /* OpenFoodFactsSDK */ = {
			isa = XCSwiftPackageProductDependency;
			package = 3878DB0F2E7AE9C5005F4FE3 /* XCRemoteSwiftPackageReference "openfoodfacts-swift" */;
			productName = OpenFoodFactsSDK;
		};
/* End XCSwiftPackageProductDependency section */
	};
	rootObject = 3878DAB12E7AE4BF005F4FE3 /* Project object */;
}
